
Microsoft Visual Studio Solution File, Format Version 12.00
# Visual Studio Version 16
VisualStudioVersion = 16.0.31410.357
MinimumVisualStudioVersion = 10.0.40219.1
Project("{FAE04EC0-301F-11D3-BF4B-00C04F79EFBC}") = "Calculator.UI", "Calculator.UI\Calculator.UI.csproj", "{43AF3348-03BE-4FE9-A991-FC1D4BE0DF25}"
EndProject
Project("{FAE04EC0-301F-11D3-BF4B-00C04F79EFBC}") = "Calculator.Business", "Calculator.Business\Calculator.Business.csproj", "{03FE28C2-4C97-4EAF-A8E1-1F38C2209343}"
EndProject
Global
	GlobalSection(SolutionConfigurationPlatforms) = preSolution
		Debug|Any CPU = Debug|Any CPU
		Release|Any CPU = Release|Any CPU
	EndGlobalSection
	GlobalSection(ProjectConfigurationPlatforms) = postSolution
		{43AF3348-03BE-4FE9-A991-FC1D4BE0DF25}.Debug|Any CPU.ActiveCfg = Debug|Any CPU
		{43AF3348-03BE-4FE9-A991-FC1D4BE0DF25}.Debug|Any CPU.Build.0 = Debug|Any CPU
		{43AF3348-03BE-4FE9-A991-FC1D4BE0DF25}.Release|Any CPU.ActiveCfg = Release|Any CPU
		{43AF3348-03BE-4FE9-A991-FC1D4BE0DF25}.Release|Any CPU.Build.0 = Release|Any CPU
		{03FE28C2-4C97-4EAF-A8E1-1F38C2209343}.Debug|Any CPU.ActiveCfg = Debug|Any CPU
		{03FE28C2-4C97-4EAF-A8E1-1F38C2209343}.Debug|Any CPU.Build.0 = Debug|Any CPU
		{03FE28C2-4C97-4EAF-A8E1-1F38C2209343}.Release|Any CPU.ActiveCfg = Release|Any CPU
		{03FE28C2-4C97-4EAF-A8E1-1F38C2209343}.Release|Any CPU.Build.0 = Release|Any CPU
	EndGlobalSection
	GlobalSection(SolutionProperties) = preSolution
		HideSolutionNode = FALSE
	EndGlobalSection
	GlobalSection(ExtensibilityGlobals) = postSolution
		SolutionGuid = {D4A83E01-E82C-4C32-BD8C-299F3BE6BA8D}
	EndGlobalSection
EndGlobal
